Microsoft Visual Studio Solution File, Format Version 12.00
# Visual Studio Version 17
VisualStudioVersion = 17.5.2.0
MinimumVisualStudioVersion = 10.0.40219.1
Project("{FAE04EC0-301F-11D3-BF4B-00C04F79EFBC}") = "Angular", "Angular.csproj", "{20C503D5-D985-CCB7-AC77-CF8AE097204C}"
EndProject
Global
	GlobalSection(SolutionConfigurationPlatforms) = preSolution
		Debug|Any CPU = Debug|Any CPU
		Release|Any CPU = Release|Any CPU
	EndGlobalSection
	GlobalSection(ProjectConfigurationPlatforms) = postSolution
		{20C503D5-D985-CCB7-AC77-CF8AE097204C}.Debug|Any CPU.ActiveCfg = Debug|Any CPU
		{20C503D5-D985-CCB7-AC77-CF8AE097204C}.Debug|Any CPU.Build.0 = Debug|Any CPU
		{20C503D5-D985-CCB7-AC77-CF8AE097204C}.Release|Any CPU.ActiveCfg = Release|Any CPU
		{20C503D5-D985-CCB7-AC77-CF8AE097204C}.Release|Any CPU.Build.0 = Release|Any CPU
	EndGlobalSection
	GlobalSection(SolutionProperties) = preSolution
		HideSolutionNode = FALSE
	EndGlobalSection
	GlobalSection(ExtensibilityGlobals) = postSolution
		SolutionGuid = {BDDB99FF-4CDC-4E5E-AA9E-BB4EBEA92AF2}
	EndGlobalSection
EndGlobal
